
Microsoft Visual Studio Solution File, Format Version 12.00
# Visual Studio Version 16
VisualStudioVersion = 16.0.29709.97
MinimumVisualStudioVersion = 10.0.40219.1
Project("{FAE04EC0-301F-11D3-BF4B-00C04F79EFBC}") = "IdentidadePC", "IdentidadePC\IdentidadePC.csproj", "{0D1F1E5D-3FAD-4F98-BC5E-D5A0AEC96832}"
EndProject
Global
	GlobalSection(SolutionConfigurationPlatforms) = preSolution
		Debug|Any CPU = Debug|Any CPU
		Release|Any CPU = Release|Any CPU
	EndGlobalSection
	GlobalSection(ProjectConfigurationPlatforms) = postSolution
		{0D1F1E5D-3FAD-4F98-BC5E-D5A0AEC96832}.Debug|Any CPU.ActiveCfg = Debug|Any CPU
		{0D1F1E5D-3FAD-4F98-BC5E-D5A0AEC96832}.Debug|Any CPU.Build.0 = Debug|Any CPU
		{0D1F1E5D-3FAD-4F98-BC5E-D5A0AEC96832}.Release|Any CPU.ActiveCfg = Release|Any CPU
		{0D1F1E5D-3FAD-4F98-BC5E-D5A0AEC96832}.Release|Any CPU.Build.0 = Release|Any CPU
	EndGlobalSection
	GlobalSection(SolutionProperties) = preSolution
		HideSolutionNode = FALSE
	EndGlobalSection
	GlobalSection(ExtensibilityGlobals) = postSolution
		SolutionGuid = {E37979EE-4B8C-4F6F-B7D5-7B09C8CF69DB}
	EndGlobalSection
EndGlobal
